
Microsoft Visual Studio Solution File, Format Version 12.00
# Visual Studio Version 17
VisualStudioVersion = 17.7.34031.279
MinimumVisualStudioVersion = 10.0.40219.1
Project("{FAE04EC0-301F-11D3-BF4B-00C04F79EFBC}") = "ip-grabber", "ip-grabber.csproj", "{B3B9403B-CF19-4A67-945D-C2902744BDB8}"
EndProject
Global
	GlobalSection(SolutionConfigurationPlatforms) = preSolution
		Debug|Any CPU = Debug|Any CPU
		Release|Any CPU = Release|Any CPU
	EndGlobalSection
	GlobalSection(ProjectConfigurationPlatforms) = postSolution
		{B3B9403B-CF19-4A67-945D-C2902744BDB8}.Debug|Any CPU.ActiveCfg = Debug|Any CPU
		{B3B9403B-CF19-4A67-945D-C2902744BDB8}.Debug|Any CPU.Build.0 = Debug|Any CPU
		{B3B9403B-CF19-4A67-945D-C2902744BDB8}.Release|Any CPU.ActiveCfg = Release|Any CPU
		{B3B9403B-CF19-4A67-945D-C2902744BDB8}.Release|Any CPU.Build.0 = Release|Any CPU
	EndGlobalSection
	GlobalSection(SolutionProperties) = preSolution
		HideSolutionNode = FALSE
	EndGlobalSection
	GlobalSection(ExtensibilityGlobals) = postSolution
		SolutionGuid = {E6D82101-1E46-4BF8-8110-D8DD38B7A700}
	EndGlobalSection
EndGlobal
